{
  "name": "token-list",
  "version": "0.0.1",
  "lockfileVersion": 1,
  "requires": true,
  "dependencies": {
    "@bondappetit/networks": {
      "version": "1.8.8",
      "resolved": "https://registry.npmjs.org/@bondappetit/networks/-/networks-1.8.8.tgz",
      "integrity": "sha512-4hVuB2/D4ZizUYZHZ1lviDavFeL5gs5lBxiyUsXswV4+8dBEBS0AnOlTJfLOAJnsD3YwUfExij++N/eo9PNiJA=="
    }
  }
}
