{
  "name": "token-list",
  "version": "0.0.1",
  "lockfileVersion": 1,
  "requires": true,
  "dependencies": {
    "@bondappetit/networks": {
      "version": "1.9.5",
      "resolved": "https://registry.npmjs.org/@bondappetit/networks/-/networks-1.9.5.tgz",
      "integrity": "sha512-MJp2Ev6qb7SFm5FdX8bROFbrC2uE/j+FPi8nzDeKTMmt8koUdrmBvw9f2ef4sQAvJxSPwU+jGGutGyHjnHB00A=="
    }
  }
}
