{
  "name": "token-list",
  "version": "0.0.1",
  "lockfileVersion": 1,
  "requires": true,
  "dependencies": {
    "@bondappetit/networks": {
      "version": "1.8.10",
      "resolved": "https://registry.npmjs.org/@bondappetit/networks/-/networks-1.8.10.tgz",
      "integrity": "sha512-Gv7zhXxpf0yRQPrZpuCJKHU55JxzSW5jO3boz6fWBMbK84VGZtoUWl3q4vtr438PkZVhMCLRyaQzhxsHs+OKHg=="
    }
  }
}
